
Microsoft Visual Studio Solution File, Format Version 12.00
# Visual Studio 14
VisualStudioVersion = 14.0.25420.1
MinimumVisualStudioVersion = 10.0.40219.1
Project("{FAE04EC0-301F-11D3-BF4B-00C04F79EFBC}") = "YOU BROKE IT!", "YOU BROKE IT!\YOU BROKE IT!.csproj", "{4A368137-7B74-4B0B-9D19-E1D1419A7D17}"
EndProject
Global
	GlobalSection(SolutionConfigurationPlatforms) = preSolution
		Debug|Any CPU = Debug|Any CPU
		Release|Any CPU = Release|Any CPU
	EndGlobalSection
	GlobalSection(ProjectConfigurationPlatforms) = postSolution
		{4A368137-7B74-4B0B-9D19-E1D1419A7D17}.Debug|Any CPU.ActiveCfg = Debug|Any CPU
		{4A368137-7B74-4B0B-9D19-E1D1419A7D17}.Debug|Any CPU.Build.0 = Debug|Any CPU
		{4A368137-7B74-4B0B-9D19-E1D1419A7D17}.Release|Any CPU.ActiveCfg = Release|Any CPU
		{4A368137-7B74-4B0B-9D19-E1D1419A7D17}.Release|Any CPU.Build.0 = Release|Any CPU
	EndGlobalSection
	GlobalSection(SolutionProperties) = preSolution
		HideSolutionNode = FALSE
	EndGlobalSection
EndGlobal
