
Microsoft Visual Studio Solution File, Format Version 12.00
# Visual Studio 14
VisualStudioVersion = 14.0.25420.1
MinimumVisualStudioVersion = 10.0.40219.1
Project("{FAE04EC0-301F-11D3-BF4B-00C04F79EFBC}") = "ReturnValuePractice1", "ReturnValuePractice1\ReturnValuePractice1.csproj", "{C22634EE-7C1A-423B-96BF-E24EEF3D4122}"
EndProject
Global
	GlobalSection(SolutionConfigurationPlatforms) = preSolution
		Debug|Any CPU = Debug|Any CPU
		Release|Any CPU = Release|Any CPU
	EndGlobalSection
	GlobalSection(ProjectConfigurationPlatforms) = postSolution
		{C22634EE-7C1A-423B-96BF-E24EEF3D4122}.Debug|Any CPU.ActiveCfg = Debug|Any CPU
		{C22634EE-7C1A-423B-96BF-E24EEF3D4122}.Debug|Any CPU.Build.0 = Debug|Any CPU
		{C22634EE-7C1A-423B-96BF-E24EEF3D4122}.Release|Any CPU.ActiveCfg = Release|Any CPU
		{C22634EE-7C1A-423B-96BF-E24EEF3D4122}.Release|Any CPU.Build.0 = Release|Any CPU
	EndGlobalSection
	GlobalSection(SolutionProperties) = preSolution
		HideSolutionNode = FALSE
	EndGlobalSection
EndGlobal
